{
  "name": "lfz",
  "version": "1.0.0",
  "lockfileVersion": 1,
  "requires": true,
  "dependencies": {
    "vuepress-plugin-auto-sidebar": {
      "version": "1.4.1",
      "resolved": "https://registry.npm.taobao.org/vuepress-plugin-auto-sidebar/download/vuepress-plugin-auto-sidebar-1.4.1.tgz",
      "integrity": "sha1-yFhkR6/7L6pBVamCiRa7m9WU8Yg=",
      "dev": true
    }
  }
}
